
Microsoft Visual Studio Solution File, Format Version 12.00
# Visual Studio Version 17
VisualStudioVersion = 17.6.33815.320
MinimumVisualStudioVersion = 10.0.40219.1
Project("{9A19103F-16F7-4668-BE54-9A1E7A4F7556}") = "RabbitNetCore", "RabbitNetCore\RabbitNetCore.csproj", "{AC52A4A5-6503-4834-B232-0A14B996FDFE}"
EndProject
Project("{FAE04EC0-301F-11D3-BF4B-00C04F79EFBC}") = "RabbitMqConsumer", "RabbitMqConsumer\RabbitMqConsumer.csproj", "{4A54B2D7-2075-4EEA-8581-4921CDE728D0}"
EndProject
Global
	GlobalSection(SolutionConfigurationPlatforms) = preSolution
		Debug|Any CPU = Debug|Any CPU
		Release|Any CPU = Release|Any CPU
	EndGlobalSection
	GlobalSection(ProjectConfigurationPlatforms) = postSolution
		{AC52A4A5-6503-4834-B232-0A14B996FDFE}.Debug|Any CPU.ActiveCfg = Debug|Any CPU
		{AC52A4A5-6503-4834-B232-0A14B996FDFE}.Debug|Any CPU.Build.0 = Debug|Any CPU
		{AC52A4A5-6503-4834-B232-0A14B996FDFE}.Release|Any CPU.ActiveCfg = Release|Any CPU
		{AC52A4A5-6503-4834-B232-0A14B996FDFE}.Release|Any CPU.Build.0 = Release|Any CPU
		{4A54B2D7-2075-4EEA-8581-4921CDE728D0}.Debug|Any CPU.ActiveCfg = Debug|Any CPU
		{4A54B2D7-2075-4EEA-8581-4921CDE728D0}.Debug|Any CPU.Build.0 = Debug|Any CPU
		{4A54B2D7-2075-4EEA-8581-4921CDE728D0}.Release|Any CPU.ActiveCfg = Release|Any CPU
		{4A54B2D7-2075-4EEA-8581-4921CDE728D0}.Release|Any CPU.Build.0 = Release|Any CPU
	EndGlobalSection
	GlobalSection(SolutionProperties) = preSolution
		HideSolutionNode = FALSE
	EndGlobalSection
	GlobalSection(ExtensibilityGlobals) = postSolution
		SolutionGuid = {302E5670-4E4E-4019-A601-3B927DD5F891}
	EndGlobalSection
EndGlobal
